{
  "name": "@michaelcarloh/tiny_pricing_utils",
  "version": "1.0.3",
  "lockfileVersion": 3,
  "requires": true,
  "packages": {
    "": {
      "name": "@michaelcarloh/tiny_pricing_utils",
      "version": "1.0.3",
      "license": "ISC",
      "dependencies": {
        "@michaelcarloh/tiny_pricing_utils": "^1.0.3"
      }
    },
    "node_modules/@michaelcarloh/tiny_pricing_utils": {
      "version": "1.0.3",
      "resolved": "https://npm.pkg.github.com/download/@MichaelCarloH/tiny_pricing_utils/1.0.3/682469df579dc6b31a1d2b2da64ed58942d2b3dd",
      "integrity": "sha512-826o+2aXFLDiS0bbKHhRDS6MnB7ceDuXrbNJB/HL7uZj1CNbe1WjoiGy9yO561hfyfqQbGD7QKSgNLdEgZpf0Q=="
    }
  }
}
